
Microsoft Visual Studio Solution File, Format Version 12.00
# Visual Studio Version 17
VisualStudioVersion = 17.5.33516.290
MinimumVisualStudioVersion = 10.0.40219.1
Project("{8BC9CEB8-8B4A-11D0-8D11-00A0C91BC942}") = "server", "server.vcxproj", "{14E8B754-809A-48FA-B828-B9338932C050}"
EndProject
Global
	GlobalSection(SolutionConfigurationPlatforms) = preSolution
		Debug|x64 = Debug|x64
		Debug|x86 = Debug|x86
		Release|x64 = Release|x64
		Release|x86 = Release|x86
	EndGlobalSection
	GlobalSection(ProjectConfigurationPlatforms) = postSolution
		{14E8B754-809A-48FA-B828-B9338932C050}.Debug|x64.ActiveCfg = Debug|x64
		{14E8B754-809A-48FA-B828-B9338932C050}.Debug|x64.Build.0 = Debug|x64
		{14E8B754-809A-48FA-B828-B9338932C050}.Debug|x86.ActiveCfg = Debug|Win32
		{14E8B754-809A-48FA-B828-B9338932C050}.Debug|x86.Build.0 = Debug|Win32
		{14E8B754-809A-48FA-B828-B9338932C050}.Release|x64.ActiveCfg = Release|x64
		{14E8B754-809A-48FA-B828-B9338932C050}.Release|x64.Build.0 = Release|x64
		{14E8B754-809A-48FA-B828-B9338932C050}.Release|x86.ActiveCfg = Release|Win32
		{14E8B754-809A-48FA-B828-B9338932C050}.Release|x86.Build.0 = Release|Win32
	EndGlobalSection
	GlobalSection(SolutionProperties) = preSolution
		HideSolutionNode = FALSE
	EndGlobalSection
	GlobalSection(ExtensibilityGlobals) = postSolution
		SolutionGuid = {A035314E-2603-4E47-BFE8-BC02A3A74D56}
	EndGlobalSection
EndGlobal
